# This file is automatically @generated by Poetry 2.4.1 and should not be changed by hand.

[[package]]
name = "anyio"
version = "4.13.0"
description = "High-level concurrency and networking framework on top of asyncio or Trio"
optional = false
python-versions = ">=3.10"
groups = ["main"]
files = [
    {file = "anyio-4.13.0-py3-none-any.whl", hash = "sha256:08b310f9e24a9594186fd75b4f73f4a4152069e3853f1ed8bfbf58369f4ad708"},
    {file = "anyio-4.13.0.tar.gz", hash = "sha256:334b70e641fd2221c1505b3890c69882fe4a2df910cba14d97019b90b24439dc"},
]

[package.dependencies]
idna = ">=2.8"
typing_extensions = {version = ">=4.5", markers = "python_version < \"3.13\""}

[package.extras]
trio = ["trio (>=0.32.0)"]

[[package]]
name = "apscheduler"
version = "3.11.2"
description = "In-process task scheduler with Cron-like capabilities"
optional = false
python-versions = ">=3.8"
groups = ["main"]
files = [
    {file = "apscheduler-3.11.2-py3-none-any.whl", hash = "sha256:ce005177f741409db4e4dd40a7431b76feb856b9dd69d57e0da49d6715bfd26d"},
    {file = "apscheduler-3.11.2.tar.gz", hash = "sha256:2a9966b052ec805f020c8c4c3ae6e6a06e24b1bf19f2e11d91d8cca0473eef41"},
]

[package.dependencies]
tzlocal = ">=3.0"

[package.extras]
doc = ["packaging", "sphinx", "sphinx-rtd-theme (>=1.3.0)"]
etcd = ["etcd3", "protobuf (<=3.21.0)"]
gevent = ["gevent"]
mongodb = ["pymongo (>=3.0)"]
redis = ["redis (>=3.0)"]
rethinkdb = ["rethinkdb (>=2.4.0)"]
sqlalchemy = ["sqlalchemy (>=1.4)"]
test = ["APScheduler[etcd,mongodb,redis,rethinkdb,sqlalchemy,tornado,zookeeper]", "PySide6 ; platform_python_implementation == \"CPython\" and python_version < \"3.14\"", "anyio (>=4.5.2)", "gevent ; python_version < \"3.14\"", "pytest", "pytest-timeout", "pytz", "twisted ; python_version < \"3.14\""]
tornado = ["tornado (>=4.3)"]
twisted = ["twisted"]
zookeeper = ["kazoo"]

[[package]]
name = "asgiref"
version = "3.11.1"
description = "ASGI specs, helper code, and adapters"
optional = false
python-versions = ">=3.9"
groups = ["main"]
files = [
    {file = "asgiref-3.11.1-py3-none-any.whl", hash = "sha256:e8667a091e69529631969fd45dc268fa79b99c92c5fcdda727757e52146ec133"},
    {file = "asgiref-3.11.1.tar.gz", hash = "sha256:5f184dc43b7e763efe848065441eac62229c9f7b0475f41f80e207a114eda4ce"},
]

[package.extras]
tests = ["mypy (>=1.14.0)", "pytest", "pytest-asyncio"]

[[package]]
name = "certifi"
version = "2026.4.22"
description = "Python package for providing Mozilla's CA Bundle."
optional = false
python-versions = ">=3.7"
groups = ["main"]
files = [
    {file = "certifi-2026.4.22-py3-none-any.whl", hash = "sha256:3cb2210c8f88ba2318d29b0388d1023c8492ff72ecdde4ebdaddbb13a31b1c4a"},
    {file = "certifi-2026.4.22.tar.gz", hash = "sha256:8d455352a37b71bf76a79caa83a3d6c25afee4a385d632127b6afb3963f1c580"},
]

[[package]]
name = "dj-database-url"
version = "3.1.2"
description = "Use Database URLs in your Django Application."
optional = false
python-versions = ">=3.10"
groups = ["main"]
files = [
    {file = "dj_database_url-3.1.2-py3-none-any.whl", hash = "sha256:544e015fee3efa5127a1eb1cca465f4ace578265b3671fe61d0ed7dbafb5ec8a"},
    {file = "dj_database_url-3.1.2.tar.gz", hash = "sha256:63c20e4bbaa51690dfd4c8d189521f6bf6bc9da9fcdb23d95d2ee8ee87f9ec62"},
]

[package.dependencies]
django = ">=4.2"

[[package]]
name = "django"
version = "6.0.5"
description = "A high-level Python web framework that encourages rapid development and clean, pragmatic design."
optional = false
python-versions = ">=3.12"
groups = ["main"]
files = [
    {file = "django-6.0.5-py3-none-any.whl", hash = "sha256:9d58a7cb49244e74c8e161d5e403a46d6209f1009ba40f5a66d6aa0d0786a8f0"},
    {file = "django-6.0.5.tar.gz", hash = "sha256:bc6d6872e98a2864c836e42edd644b362db311147dd5aa8d5b82ba7a032f5269"},
]

[package.dependencies]
asgiref = ">=3.9.1"
sqlparse = ">=0.5.0"
tzdata = {version = "*", markers = "sys_platform == \"win32\""}

[package.extras]
argon2 = ["argon2-cffi (>=23.1.0)"]
bcrypt = ["bcrypt (>=4.1.1)"]

[[package]]
name = "django-cors-headers"
version = "4.9.0"
description = "django-cors-headers is a Django application for handling the server headers required for Cross-Origin Resource Sharing (CORS)."
optional = false
python-versions = ">=3.9"
groups = ["main"]
files = [
    {file = "django_cors_headers-4.9.0-py3-none-any.whl", hash = "sha256:15c7f20727f90044dcee2216a9fd7303741a864865f0c3657e28b7056f61b449"},
    {file = "django_cors_headers-4.9.0.tar.gz", hash = "sha256:fe5d7cb59fdc2c8c646ce84b727ac2bca8912a247e6e68e1fb507372178e59e8"},
]

[package.dependencies]
asgiref = ">=3.6"
django = ">=4.2"

[[package]]
name = "djangorestframework"
version = "3.17.1"
description = "Web APIs for Django, made easy."
optional = false
python-versions = ">=3.10"
groups = ["main"]
files = [
    {file = "djangorestframework-3.17.1-py3-none-any.whl", hash = "sha256:c3c74dd3e83a5a3efc37b3c18d92bd6f86a6791c7b7d4dff62bb068500e76457"},
    {file = "djangorestframework-3.17.1.tar.gz", hash = "sha256:a6def5f447fe78ff853bff1d47a3c59bf38f5434b031780b351b0c73a62db1a5"},
]

[package.dependencies]
django = ">=4.2"

[[package]]
name = "greenlet"
version = "3.5.0"
description = "Lightweight in-process concurrent programming"
optional = false
python-versions = ">=3.10"
groups = ["main"]
files = [
    {file = "greenlet-3.5.0-cp310-cp310-macosx_11_0_universal2.whl", hash = "sha256:29ea813b2e1f45fa9649a17853b2b5465c4072fbcb072e5af6cd3a288216574a"},
    {file = "greenlet-3.5.0-cp310-cp310-manylinux_2_24_aarch64.manylinux_2_28_aarch64.whl", hash = "sha256:804a70b328e706b785c6ef16187051c394a63dd1a906d89be24b6ad77759f13f"},
    {file = "greenlet-3.5.0-cp310-cp310-manylinux_2_24_ppc64le.manylinux_2_28_ppc64le.whl", hash = "sha256:884f649de075b84739713d41dd4dfd41e2b910bfb769c4a3ea02ec1da52cd9bb"},
    {file = "greenlet-3.5.0-cp310-cp310-manylinux_2_24_s390x.manylinux_2_28_s390x.whl", hash = "sha256:4d0eadc7e4d9ffb2af4247b606cae307be8e448911e5a0d0b16d72fc3d224cfd"},
    {file = "greenlet-3.5.0-cp310-cp310-manylinux_2_24_x86_64.manylinux_2_28_x86_64.whl", hash = "sha256:4b28037cb07768933c54d81bfe47a85f9f402f57d7d69743b991a713b63954eb"},
    {file = "greenlet-3.5.0-cp310-cp310-manylinux_2_39_riscv64.whl", hash = "sha256:f8c30c2225f40dd76c50790f0eb3b5c7c18431efb299e2782083e1981feed243"},
    {file = "greenlet-3.5.0-cp310-cp310-musllinux_1_2_aarch64.whl", hash = "sha256:cda05425526240807408156b6960a17a79a0c760b813573b67027823be760977"},
    {file = "greenlet-3.5.0-cp310-cp310-musllinux_1_2_x86_64.whl", hash = "sha256:9c615f869163e14bb1ced20322d8038fb680b08236521ac3f30cd4c1288785a0"},
    {file = "greenlet-3.5.0-cp310-cp310-win_amd64.whl", hash = "sha256:ba8f0bdc2fae6ce915dfd0c16d2d00bca7e4247c1eae4416e06430e522137858"},
    {file = "greenlet-3.5.0-cp311-cp311-macosx_11_0_universal2.whl", hash = "sha256:8f1cc966c126639cd152fdaa52624d2655f492faa79e013fea161de3e6dda082"},
    {file = "greenlet-3.5.0-cp311-cp311-manylinux_2_24_aarch64.manylinux_2_28_aarch64.whl", hash = "sha256:362624e6a8e5bca3b8233e45eef33903a100e9539a2b995c364d595dbc4018b3"},
    {file = "greenlet-3.5.0-cp311-cp311-manylinux_2_24_ppc64le.manylinux_2_28_ppc64le.whl", hash = "sha256:5ecd83806b0f4c2f53b1018e0005cd82269ea01d42befc0368730028d850ed1c"},
    {file = "greenlet-3.5.0-cp311-cp311-manylinux_2_24_s390x.manylinux_2_28_s390x.whl", hash = "sha256:fa94cb2288681e3a11645958f1871d48ee9211bd2f66628fdace505927d6e564"},
    {file = "greenlet-3.5.0-cp311-cp311-manylinux_2_24_x86_64.manylinux_2_28_x86_64.whl", hash = "sha256:0ff251e9a0279522e62f6176412869395a64ddf2b5c5f782ff609a8216a4e662"},
    {file = "greenlet-3.5.0-cp311-cp311-manylinux_2_39_riscv64.whl", hash = "sha256:64d6ac45f7271f48e45f67c95b54ef73534c52ec041fcda8edf520c6d811f4bc"},
    {file = "greenlet-3.5.0-cp311-cp311-musllinux_1_2_aarch64.whl", hash = "sha256:6d874e79afd41a96e11ff4c5d0bc90a80973e476fda1c2c64985667397df432b"},
    {file = "greenlet-3.5.0-cp311-cp311-musllinux_1_2_x86_64.whl", hash = "sha256:0ed006e4b86c59de7467eb2601cd1b77b5a7d657d1ee55e30fe30d76451edba4"},
    {file = "greenlet-3.5.0-cp311-cp311-win_amd64.whl", hash = "sha256:703cb211b820dbffbbc55a16bfc6e4583a6e6e990f33a119d2cc8b83211119c8"},
    {file = "greenlet-3.5.0-cp311-cp311-win_arm64.whl", hash = "sha256:6c18dfb59c70f5a94acd271c72e90128c3c776e41e5f07767908c8c1b74ad339"},
    {file = "greenlet-3.5.0-cp312-cp312-macosx_11_0_universal2.whl", hash = "sha256:db2910d3c809444e0a20147361f343fe2798e106af8d9d8506f5305302655a9f"},
    {file = "greenlet-3.5.0-cp312-cp312-manylinux_2_24_aarch64.manylinux_2_28_aarch64.whl", hash = "sha256:3ec9ea74e7268ace7f9aab1b1a4e730193fc661b39a993cd91c606c32d4a3628"},
    {file = "greenlet-3.5.0-cp312-cp312-manylinux_2_24_ppc64le.manylinux_2_28_ppc64le.whl", hash = "sha256:54d243512da35485fc7a6bf3c178fdda6327a9d6506fcdd62b1abd1e41b2927b"},
    {file = "greenlet-3.5.0-cp312-cp312-manylinux_2_24_s390x.manylinux_2_28_s390x.whl", hash = "sha256:41353ec2ecedf7aa8f682753a41919f8718031a6edac46b8d3dc7ed9e1ceb136"},
    {file = "greenlet-3.5.0-cp312-cp312-manylinux_2_24_x86_64.manylinux_2_28_x86_64.whl", hash = "sha256:9d280a7f5c331622c69f97eb167f33577ff2d1df282c41cd15907fc0a3ca198c"},
    {file = "greenlet-3.5.0-cp312-cp312-manylinux_2_39_riscv64.whl", hash = "sha256:58c1c374fe2b3d852f9b6b11a7dff4c85404e51b9a596fd9e89cf904eb09866d"},
    {file = "greenlet-3.5.0-cp312-cp312-musllinux_1_2_aarch64.whl", hash = "sha256:1eb67d5adefb5bd2e182d42678a328979a209e4e82eb93575708185d31d1f588"},
    {file = "greenlet-3.5.0-cp312-cp312-musllinux_1_2_x86_64.whl", hash = "sha256:2628d6c86f6cb0cb45e0c3c54058bbec559f57eaae699447748cb3928150577e"},
    {file = "greenlet-3.5.0-cp312-cp312-win_amd64.whl", hash = "sha256:d4d9f0624c775f2dfc56ba54d515a8c771044346852a918b405914f6b19d7fd8"},
    {file = "greenlet-3.5.0-cp312-cp312-win_arm64.whl", hash = "sha256:83ed9f27f1680b50e89f40f6df348a290ea234b249a4003d366663a12eab94f2"},
    {file = "greenlet-3.5.0-cp313-cp313-macosx_11_0_universal2.whl", hash = "sha256:5a5ed18de6a0f6cc7087f1563f6bd93fc7df1c19165ca01e9bde5a5dc281d106"},
    {file = "greenlet-3.5.0-cp313-cp313-manylinux_2_24_aarch64.manylinux_2_28_aarch64.whl", hash = "sha256:3a717fbc46d8a354fa675f7c1e813485b6ba3885f9bef0cd56e5ba27d758ff5b"},
    {file = "greenlet-3.5.0-cp313-cp313-manylinux_2_24_ppc64le.manylinux_2_28_ppc64le.whl", hash = "sha256:ddc090c5c1792b10246a78e8c2163ebbe04cf877f9d785c230a7b27b39ad038e"},
    {file = "greenlet-3.5.0-cp313-cp313-manylinux_2_24_s390x.manylinux_2_28_s390x.whl", hash = "sha256:4964101b8585c144cbda5532b1aa644255126c08a265dae90c16e7a0e63aaa9d"},
    {file = "greenlet-3.5.0-cp313-cp313-manylinux_2_24_x86_64.manylinux_2_28_x86_64.whl", hash = "sha256:2094acd54b272cb6eae8c03dd87b3fa1820a4cef18d6889c378d503500a1dc13"},
    {file = "greenlet-3.5.0-cp313-cp313-manylinux_2_39_riscv64.whl", hash = "sha256:7022615368890680e67b9965d33f5773aade330d5343bbe25560135aaa849eae"},
    {file = "greenlet-3.5.0-cp313-cp313-musllinux_1_2_aarch64.whl", hash = "sha256:5e05ba267789ea87b5a155cf0e810b1ab88bf18e9e8740813945ceb8ee4350ba"},
    {file = "greenlet-3.5.0-cp313-cp313-musllinux_1_2_x86_64.whl", hash = "sha256:0ecec963079cd58cbd14723582384f11f166fd58883c15dcbfb342e0bc9b5846"},
    {file = "greenlet-3.5.0-cp313-cp313-win_amd64.whl", hash = "sha256:728d9667d8f2f586644b748dbd9bb67e50d6a9381767d1357714ea6825bb3bf5"},
    {file = "greenlet-3.5.0-cp313-cp313-win_arm64.whl", hash = "sha256:47422135b1d308c14b2c6e758beedb1acd33bb91679f5670edf77bf46244722b"},
    {file = "greenlet-3.5.0-cp314-cp314-macosx_11_0_universal2.whl", hash = "sha256:f35807464c4c58c55f0d31dfa83c541a5615d825c2fe3d2b95360cf7c4e3c0a8"},
    {file = "greenlet-3.5.0-cp314-cp314-manylinux_2_24_aarch64.manylinux_2_28_aarch64.whl", hash = "sha256:55fa7ea52771be44af0de27d8b80c02cd18c2c3cddde6c847ecebdf72418b6a1"},
    {file = "greenlet-3.5.0-cp314-cp314-manylinux_2_24_ppc64le.manylinux_2_28_ppc64le.whl", hash = "sha256:a97e4821aa710603f94de0da25f25096454d78ffdace5dc77f3a006bc01abba3"},
    {file = "greenlet-3.5.0-cp314-cp314-manylinux_2_24_s390x.manylinux_2_28_s390x.whl", hash = "sha256:bf2d8a80bec89ab46221ae45c5373d5ba0bd36c19aa8508e85c6cd7e5106cd37"},
    {file = "greenlet-3.5.0-cp314-cp314-manylinux_2_24_x86_64.manylinux_2_28_x86_64.whl", hash = "sha256:8f52a464e4ed91780bdfbbdd2b97197f3accaa629b98c200f4dffada759f3ae7"},
    {file = "greenlet-3.5.0-cp314-cp314-manylinux_2_39_riscv64.whl", hash = "sha256:1bae92a1dd94c5f9d9493c3a212dd874c202442047cf96446412c862feca83a2"},
    {file = "greenlet-3.5.0-cp314-cp314-musllinux_1_2_aarch64.whl", hash = "sha256:762612baf1161ccb8437c0161c668a688223cba28e1bf038f4eb47b13e39ccdf"},
    {file = "greenlet-3.5.0-cp314-cp314-musllinux_1_2_x86_64.whl", hash = "sha256:57a43c6079a89713522bc4bcb9f75070ecf5d3dbad7792bfe42239362cbf2a16"},
    {file = "greenlet-3.5.0-cp314-cp314-win_amd64.whl", hash = "sha256:3bc59be3945ae9750b9e7d45067d01ae3fe90ea5f9ade99239dabdd6e28a5033"},
    {file = "greenlet-3.5.0-cp314-cp314-win_arm64.whl", hash = "sha256:a96fcee45e03fe30a62669fd16ab5c9d3c172660d3085605cb1e2d1280d3c988"},
    {file = "greenlet-3.5.0-cp314-cp314t-macosx_11_0_universal2.whl", hash = "sha256:a10a732421ab4fec934783ce3e54763470d0181db6e3468f9103a275c3ed1853"},
    {file = "greenlet-3.5.0-cp314-cp314t-manylinux_2_24_aarch64.manylinux_2_28_aarch64.whl", hash = "sha256:7fc391b1566f2907d17aaebe78f8855dc45675159a775fcf9e61f8ee0078e87f"},
    {file = "greenlet-3.5.0-cp314-cp314t-manylinux_2_24_ppc64le.manylinux_2_28_ppc64le.whl", hash = "sha256:680bd0e7ad5e8daa8a4aa89f68fd6adc834b8a8036dc256533f7e08f4a4b01f7"},
    {file = "greenlet-3.5.0-cp314-cp314t-manylinux_2_24_s390x.manylinux_2_28_s390x.whl", hash = "sha256:1aa4ce8debcd4ea7fb2e150f3036588c41493d1d52c43538924ae1819003f4ce"},
    {file = "greenlet-3.5.0-cp314-cp314t-manylinux_2_24_x86_64.manylinux_2_28_x86_64.whl", hash = "sha256:ddb36c7d6c9c0a65f18c7258634e0c416c6ab59caac8c987b96f80c2ebda0112"},
    {file = "greenlet-3.5.0-cp314-cp314t-manylinux_2_39_riscv64.whl", hash = "sha256:728a73687e39ae9ca34e4694cbf2f049d3fbc7174639468d0f67200a97d8f9e2"},
    {file = "greenlet-3.5.0-cp314-cp314t-musllinux_1_2_aarch64.whl", hash = "sha256:e5ddf316ced87539144621453c3aef229575825fe60c604e62bedc4003f372b2"},
    {file = "greenlet-3.5.0-cp314-cp314t-musllinux_1_2_x86_64.whl", hash = "sha256:4a448128607be0de65342dc9b31be7f948ef4cc0bc8832069350abefd310a8f2"},
    {file = "greenlet-3.5.0-cp314-cp314t-win_amd64.whl", hash = "sha256:d60097128cb0a1cab9ea541186ea13cd7b847b8449a7787c2e2350da0cb82d86"},
    {file = "greenlet-3.5.0.tar.gz", hash = "sha256:d419647372241bc68e957bf38d5c1f98852155e4146bd1e4121adea81f4f01e4"},
]

[package.extras]
docs = ["Sphinx", "furo"]
test = ["objgraph", "psutil", "setuptools"]

[[package]]
name = "gunicorn"
version = "26.0.0"
description = "WSGI HTTP Server for UNIX"
optional = false
python-versions = ">=3.10"
groups = ["main"]
files = [
    {file = "gunicorn-26.0.0-py3-none-any.whl", hash = "sha256:40233d26a5f0d1872916188c276e21641155111c2853f0c2cd55260aec0d24fc"},
    {file = "gunicorn-26.0.0.tar.gz", hash = "sha256:ca9346f85e3a4aeeb64d491045c16b9a35647abd37ea15efe53080eb8b090baf"},
]

[package.dependencies]
packaging = "*"

[package.extras]
fast = ["gunicorn_h1c (>=0.6.5)"]
gevent = ["gevent (>=24.10.1)"]
http2 = ["h2 (>=4.1.0)"]
setproctitle = ["setproctitle"]
testing = ["coverage", "gevent (>=24.10.1)", "h2 (>=4.1.0)", "httpx[http2]", "pytest", "pytest-asyncio", "pytest-cov", "uvloop (>=0.19.0)"]
tornado = ["tornado (>=6.5.0)"]

[[package]]
name = "h11"
version = "0.16.0"
description = "A pure-Python, bring-your-own-I/O implementation of HTTP/1.1"
optional = false
python-versions = ">=3.8"
groups = ["main"]
files = [
    {file = "h11-0.16.0-py3-none-any.whl", hash = "sha256:63cf8bbe7522de3bf65932fda1d9c2772064ffb3dae62d55932da54b31cb6c86"},
    {file = "h11-0.16.0.tar.gz", hash = "sha256:4e35b956cf45792e4caa5885e69fba00bdbc6ffafbfa020300e549b208ee5ff1"},
]

[[package]]
name = "httpcore"
version = "1.0.9"
description = "A minimal low-level HTTP client."
optional = false
python-versions = ">=3.8"
groups = ["main"]
files = [
    {file = "httpcore-1.0.9-py3-none-any.whl", hash = "sha256:2d400746a40668fc9dec9810239072b40b4484b640a8c38fd654a024c7a1bf55"},
    {file = "httpcore-1.0.9.tar.gz", hash = "sha256:6e34463af53fd2ab5d807f399a9b45ea31c3dfa2276f15a2c3f00afff6e176e8"},
]

[package.dependencies]
certifi = "*"
h11 = ">=0.16"

[package.extras]
asyncio = ["anyio (>=4.0,<5.0)"]
http2 = ["h2 (>=3,<5)"]
socks = ["socksio (==1.*)"]
trio = ["trio (>=0.22.0,<1.0)"]

[[package]]
name = "httpx"
version = "0.28.1"
description = "The next generation HTTP client."
optional = false
python-versions = ">=3.8"
groups = ["main"]
files = [
    {file = "httpx-0.28.1-py3-none-any.whl", hash = "sha256:d909fcccc110f8c7faf814ca82a9a4d816bc5a6dbfea25d6591d6985b8ba59ad"},
    {file = "httpx-0.28.1.tar.gz", hash = "sha256:75e98c5f16b0f35b567856f597f06ff2270a374470a5c2392242528e3e3e42fc"},
]

[package.dependencies]
anyio = "*"
certifi = "*"
httpcore = "==1.*"
idna = "*"

[package.extras]
brotli = ["brotli ; platform_python_implementation == \"CPython\"", "brotlicffi ; platform_python_implementation != \"CPython\""]
cli = ["click (==8.*)", "pygments (==2.*)", "rich (>=10,<14)"]
http2 = ["h2 (>=3,<5)"]
socks = ["socksio (==1.*)"]
zstd = ["zstandard (>=0.18.0)"]

[[package]]
name = "idna"
version = "3.14"
description = "Internationalized Domain Names in Applications (IDNA)"
optional = false
python-versions = ">=3.8"
groups = ["main"]
files = [
    {file = "idna-3.14-py3-none-any.whl", hash = "sha256:e677eaf072e290f7b725f9acf0b3a2bd55f9fd6f7c70abe5f0e34823d0accf69"},
    {file = "idna-3.14.tar.gz", hash = "sha256:466d810d7a2cc1022bea9b037c39728d51ae7dad40d480fc9b7d7ecf98ba8ee3"},
]

[package.extras]
all = ["mypy (>=1.11.2)", "pytest (>=8.3.2)", "ruff (>=0.6.2)"]

[[package]]
name = "packaging"
version = "26.2"
description = "Core utilities for Python packages"
optional = false
python-versions = ">=3.8"
groups = ["main"]
files = [
    {file = "packaging-26.2-py3-none-any.whl", hash = "sha256:5fc45236b9446107ff2415ce77c807cee2862cb6fac22b8a73826d0693b0980e"},
    {file = "packaging-26.2.tar.gz", hash = "sha256:ff452ff5a3e828ce110190feff1178bb1f2ea2281fa2075aadb987c2fb221661"},
]

[[package]]
name = "playwright"
version = "1.59.0"
description = "A high-level API to automate web browsers"
optional = false
python-versions = ">=3.9"
groups = ["main"]
files = [
    {file = "playwright-1.59.0-py3-none-macosx_10_13_x86_64.whl", hash = "sha256:bfc6940100b57423175c819ce2422ec5880d55fa2769987f62ab7a1f5fe6783e"},
    {file = "playwright-1.59.0-py3-none-macosx_11_0_arm64.whl", hash = "sha256:af068143a0c045ec11608b67d6c42e58db7e9cf65a742dd21fddedc1a9802c47"},
    {file = "playwright-1.59.0-py3-none-macosx_11_0_universal2.whl", hash = "sha256:4a4a2d4842b0e4120de3fa48636e4b69085a05b81d8a35ad4353f530ade72ed6"},
    {file = "playwright-1.59.0-py3-none-manylinux1_x86_64.whl", hash = "sha256:c5792aad9e22b91a09264b9edbc18553cf05ea5a39404d65dc19a012c6b2e51d"},
    {file = "playwright-1.59.0-py3-none-manylinux_2_17_aarch64.manylinux2014_aarch64.whl", hash = "sha256:8c881a19377d2b900af855fb525b5f22a27bf3cfbecba6d1edb36766d56cb100"},
    {file = "playwright-1.59.0-py3-none-win32.whl", hash = "sha256:6989c476be2b9cd3e24a18cc9dcf202e266fb3d91e3e5395cd668c54ea54b119"},
    {file = "playwright-1.59.0-py3-none-win_amd64.whl", hash = "sha256:d5a5cc064b82ca92996080025710844e417f44df8fda9001102c28f44174171c"},
    {file = "playwright-1.59.0-py3-none-win_arm64.whl", hash = "sha256:93581ad515728cadc8af39b288a5633ba6d36e7d72048e79d890ce01ea2156f9"},
]

[package.dependencies]
greenlet = ">=3.1.1,<4.0.0"
pyee = ">=13,<14"

[[package]]
name = "psycopg"
version = "3.3.4"
description = "PostgreSQL database adapter for Python"
optional = false
python-versions = ">=3.10"
groups = ["main"]
files = [
    {file = "psycopg-3.3.4-py3-none-any.whl", hash = "sha256:b6bbc25ccf05c8fad3b061d9db2ef0909a555171b84b07f29458a447253d679a"},
    {file = "psycopg-3.3.4.tar.gz", hash = "sha256:e21207764952cff81b6b8bdacad9a3939f2793367fdac2987b3aac36a651b5bc"},
]

[package.dependencies]
psycopg-binary = {version = "3.3.4", optional = true, markers = "implementation_name != \"pypy\" and extra == \"binary\""}
typing-extensions = {version = ">=4.6", markers = "python_version < \"3.13\""}
tzdata = {version = "*", markers = "sys_platform == \"win32\""}

[package.extras]
binary = ["psycopg-binary (==3.3.4) ; implementation_name != \"pypy\""]
c = ["psycopg-c (==3.3.4) ; implementation_name != \"pypy\""]
dev = ["ast-comments (>=1.1.2)", "black (>=26.1.0)", "codespell (>=2.2)", "cython-lint (>=0.16)", "dnspython (>=2.1)", "flake8 (>=4.0)", "isort-psycopg", "isort[colors] (>=6.0)", "mypy (>=1.19.0)", "pre-commit (>=4.0.1)", "types-setuptools (>=57.4)", "types-shapely (>=2.0)", "wheel (>=0.37)"]
docs = ["Sphinx (>=9.1)", "furo (==2025.12.19)", "sphinx-autobuild (>=2025.8.25)", "sphinx-autodoc-typehints (>=3.10.2)"]
pool = ["psycopg-pool"]
test = ["anyio (>=4.0)", "mypy (>=1.19.0) ; implementation_name != \"pypy\"", "pproxy (>=2.7)", "pytest (>=6.2.5)", "pytest-cov (>=3.0)", "pytest-randomly (>=3.5)"]

[[package]]
name = "psycopg-binary"
version = "3.3.4"
description = "PostgreSQL database adapter for Python -- C optimisation distribution"
optional = false
python-versions = ">=3.10"
groups = ["main"]
markers = "implementation_name != \"pypy\""
files = [
    {file = "psycopg_binary-3.3.4-cp310-cp310-macosx_10_9_x86_64.whl", hash = "sha256:b7bfff1ca23732b488cbca3076fc11bc98d520ee122514fdb17a8e20d3338f5a"},
    {file = "psycopg_binary-3.3.4-cp310-cp310-macosx_11_0_arm64.whl", hash = "sha256:32a6fbf8481e3a370d0d72b860d35948a693cb01281da217f7b2f307636e591a"},
    {file = "psycopg_binary-3.3.4-cp310-cp310-manylinux2014_ppc64le.manylinux_2_17_ppc64le.whl", hash = "sha256:bdef84570ebbce1d42b4e7ea952d21c414c5f118ad02fee00c5625f35e134429"},
    {file = "psycopg_binary-3.3.4-cp310-cp310-manylinux2014_x86_64.manylinux_2_17_x86_64.whl", hash = "sha256:fa1cbc10768a796c96d3243656016bf4e337c81c71097270bb7b0ad6210d9765"},
    {file = "psycopg_binary-3.3.4-cp310-cp310-manylinux_2_27_aarch64.manylinux_2_28_aarch64.whl", hash = "sha256:cf7f73a4a792bc5db58a4b385d8a1467e8d468f7548702fb0ed1e9b7501b1c13"},
    {file = "psycopg_binary-3.3.4-cp310-cp310-manylinux_2_38_riscv64.manylinux_2_39_riscv64.whl", hash = "sha256:d7b4d40c153fa352ab3cca530f3a0baedf7621b2ebcbd7f084009522c21788fc"},
    {file = "psycopg_binary-3.3.4-cp310-cp310-musllinux_1_2_aarch64.whl", hash = "sha256:f9b1c2533af01cd7648378599f82b0b8ae32f293296e6eec5753a625bc97ef28"},
    {file = "psycopg_binary-3.3.4-cp310-cp310-musllinux_1_2_ppc64le.whl", hash = "sha256:ad3bc94054876155549fdaedf4a46d1ec69d39a5bcee377148afe498e84c4b8e"},
    {file = "psycopg_binary-3.3.4-cp310-cp310-musllinux_1_2_riscv64.whl", hash = "sha256:eb4eed2079c01a4850bf467deacfab56d356d4225040170af03dc9958321242d"},
    {file = "psycopg_binary-3.3.4-cp310-cp310-musllinux_1_2_x86_64.whl", hash = "sha256:f80e3f2b5331dbbf0901bcb658056c03eeb2c1ef31d774afb0d61598b242e744"},
    {file = "psycopg_binary-3.3.4-cp310-cp310-win_amd64.whl", hash = "sha256:574ea21a9651958f1535c5a1c649c7409e9168bcbffa29a3f2f961f58b322949"},
    {file = "psycopg_binary-3.3.4-cp311-cp311-macosx_10_9_x86_64.whl", hash = "sha256:612a627d733f695b1de1f9b4bd511c15f999a5d8b915d444bbd7dd71cf3370da"},
    {file = "psycopg_binary-3.3.4-cp311-cp311-macosx_11_0_arm64.whl", hash = "sha256:13a7f380824c35896dcac7fe0f61440f7ca49d6dc73f3c13a9a4471e6a3b302e"},
    {file = "psycopg_binary-3.3.4-cp311-cp311-manylinux2014_ppc64le.manylinux_2_17_ppc64le.whl", hash = "sha256:276904e3452d6a23d474ef9a21eee19f20eed3d53ddd2576af033827e0ba0992"},
    {file = "psycopg_binary-3.3.4-cp311-cp311-manylinux2014_x86_64.manylinux_2_17_x86_64.whl", hash = "sha256:ab8cca8ef8fb1ccf5b048ae5bd78ba55b9e4b5d472e3ce5ca39ff4d2a9c249e4"},
    {file = "psycopg_binary-3.3.4-cp311-cp311-manylinux_2_27_aarch64.manylinux_2_28_aarch64.whl", hash = "sha256:7465bfe6087d2d5b42d4c53b9b11ca9f218e477317a4a162a10e3c19e984ba8e"},
    {file = "psycopg_binary-3.3.4-cp311-cp311-manylinux_2_38_riscv64.manylinux_2_39_riscv64.whl", hash = "sha256:22cdbf5f91ef7bb91fe0c5757e1962d3127a8010256eefd9c61fcaf441802097"},
    {file = "psycopg_binary-3.3.4-cp311-cp311-musllinux_1_2_aarch64.whl", hash = "sha256:e2631da29253a98bd496e6c4813b24e09a4fe3fb2a9e88513305d6f8747cce95"},
    {file = "psycopg_binary-3.3.4-cp311-cp311-musllinux_1_2_ppc64le.whl", hash = "sha256:7f7668f30b9dd5163197e5cbf4e0efd54e00f0a859cc566ce56cfc31f4054839"},
    {file = "psycopg_binary-3.3.4-cp311-cp311-musllinux_1_2_riscv64.whl", hash = "sha256:cffc3408d77a27973f33e5d909b624cce683db5fc25964b02fe0aae7886c1007"},
    {file = "psycopg_binary-3.3.4-cp311-cp311-musllinux_1_2_x86_64.whl", hash = "sha256:0579252a1202cd73e4da137a1426e2dae993ae44e757605344282af3a082848c"},
    {file = "psycopg_binary-3.3.4-cp311-cp311-win_amd64.whl", hash = "sha256:41f2ec0fea529832982bcb6c9415de3c86264ebe562b77a467c0fbcd7efbba8d"},
    {file = "psycopg_binary-3.3.4-cp312-cp312-macosx_10_13_x86_64.whl", hash = "sha256:5ab28a2a7649df3b72e6b674b4c190e448e8e77cf496a65bd846472048de2089"},
    {file = "psycopg_binary-3.3.4-cp312-cp312-macosx_11_0_arm64.whl", hash = "sha256:6402a9d8146cf4b3974ded3fd28a971e83dc6a0333eb7822524a3aa20b546578"},
    {file = "psycopg_binary-3.3.4-cp312-cp312-manylinux2014_ppc64le.manylinux_2_17_ppc64le.whl", hash = "sha256:580ae30a5f95ccd90008ec697d3ed6a4a2047a516407ad904283fa42086936e9"},
    {file = "psycopg_binary-3.3.4-cp312-cp312-manylinux2014_x86_64.manylinux_2_17_x86_64.whl", hash = "sha256:e7510c37550f91a187e3660a8cc50d4b760f8c3b8b2f89ebc5698cd2c7f2c85d"},
    {file = "psycopg_binary-3.3.4-cp312-cp312-manylinux_2_27_aarch64.manylinux_2_28_aarch64.whl", hash = "sha256:77df19583501ea288eaf15ac0fe7ad01e6d8091a91d5c41df5c718f307d8e31b"},
    {file = "psycopg_binary-3.3.4-cp312-cp312-manylinux_2_38_riscv64.manylinux_2_39_riscv64.whl", hash = "sha256:018fbed325936da502feb546642c982dcc4b9ffdea32dfef78dbf3b7f7ad4070"},
    {file = "psycopg_binary-3.3.4-cp312-cp312-musllinux_1_2_aarch64.whl", hash = "sha256:17a21953a9e5ff3a16dab692625a3676e2f101db5e40072f39dbee2250194d68"},
    {file = "psycopg_binary-3.3.4-cp312-cp312-musllinux_1_2_ppc64le.whl", hash = "sha256:eb05ee1c2b817d27c537333224c9e83c7afb86fe7296ba970990068baf819b16"},
    {file = "psycopg_binary-3.3.4-cp312-cp312-musllinux_1_2_riscv64.whl", hash = "sha256:773d573e11f437ce0bdb95b7c18dc58390494f96d43f8b45b9760436114f7652"},
    {file = "psycopg_binary-3.3.4-cp312-cp312-musllinux_1_2_x86_64.whl", hash = "sha256:71e55ccbdfae79a2ed9c6369c3008a3025817ff9d7e27b32a2d84e2a4267e66e"},
    {file = "psycopg_binary-3.3.4-cp312-cp312-win_amd64.whl", hash = "sha256:494ca54901be8cf9eb7e02c25b731f2317c378efa44f43e8f9bd0e1184ae7be4"},
    {file = "psycopg_binary-3.3.4-cp313-cp313-macosx_10_13_x86_64.whl", hash = "sha256:fbd1d4ed566895ad2d3bf4ddfd8bae90026930ddf29df3b9d91d32c8c47866a7"},
    {file = "psycopg_binary-3.3.4-cp313-cp313-macosx_11_0_arm64.whl", hash = "sha256:75a9067e236f9b9ae3535b66fe99bddb33d39c0de10112e49b9ab11eee53dc31"},
    {file = "psycopg_binary-3.3.4-cp313-cp313-manylinux2014_ppc64le.manylinux_2_17_ppc64le.whl", hash = "sha256:b56b603ebcea8aa10b46228b8410ba7f13e7c2ee54389d4d9be0927fd8ce2a70"},
    {file = "psycopg_binary-3.3.4-cp313-cp313-manylinux2014_x86_64.manylinux_2_17_x86_64.whl", hash = "sha256:c677c4ad433cb7150c8cd304a0769ae3bcfbe5ea0676eb53faa7b1443b16d0d3"},
    {file = "psycopg_binary-3.3.4-cp313-cp313-manylinux_2_27_aarch64.manylinux_2_28_aarch64.whl", hash = "sha256:26df2717e59c0473e4465a97dfb1b7afebaa479277870fd5784d1436470db47c"},
    {file = "psycopg_binary-3.3.4-cp313-cp313-manylinux_2_38_riscv64.manylinux_2_39_riscv64.whl", hash = "sha256:1dc1f79fd16bb1f3f4421417a514607539f17804d95c7ed617265369d1981cae"},
    {file = "psycopg_binary-3.3.4-cp313-cp313-musllinux_1_2_aarch64.whl", hash = "sha256:136f199a407b5348b9b857c504aff60c77622a28482e7195839ce1b51238c4cc"},
    {file = "psycopg_binary-3.3.4-cp313-cp313-musllinux_1_2_ppc64le.whl", hash = "sha256:b6f5a29e9c775b9f12a1a717aa7a2c80f9e1db6f27ba44a5b59c80ac61d2ffcf"},
    {file = "psycopg_binary-3.3.4-cp313-cp313-musllinux_1_2_riscv64.whl", hash = "sha256:ee17a2cf4943cde261adfad1bbc5bf38d6b3776d7afff74c7cabcbeaeb08c260"},
    {file = "psycopg_binary-3.3.4-cp313-cp313-musllinux_1_2_x86_64.whl", hash = "sha256:5c4ab71be17bdca30cb34c34c4e1496e2f5d6f20c199c12bad226070b22ef9bf"},
    {file = "psycopg_binary-3.3.4-cp313-cp313-win_amd64.whl", hash = "sha256:dbfdb9b6cc79f31104a7b162a2b921b765fcc62af6c00540a167a8de47e4ed38"},
    {file = "psycopg_binary-3.3.4-cp314-cp314-macosx_10_15_x86_64.whl", hash = "sha256:28b7398fdd19db3232c884fb24550bdfe951221f510e195e233299e4c9b78f97"},
    {file = "psycopg_binary-3.3.4-cp314-cp314-macosx_11_0_arm64.whl", hash = "sha256:1fbaa292a3c8bb61b45df1ad3da1908ccee7cb889db9425e3557d9e34e2a4829"},
    {file = "psycopg_binary-3.3.4-cp314-cp314-manylinux2014_ppc64le.manylinux_2_17_ppc64le.whl", hash = "sha256:94596f9e7633ee3f6440711d43bb70aa31cc0a46a900ab8b4201a366ace5c9e7"},
    {file = "psycopg_binary-3.3.4-cp314-cp314-manylinux2014_x86_64.manylinux_2_17_x86_64.whl", hash = "sha256:8c0056529e68dbe9184cd4019a1f3d8f3a4ead2f6fc7a5afcf27d3314edd1277"},
    {file = "psycopg_binary-3.3.4-cp314-cp314-manylinux_2_27_aarch64.manylinux_2_28_aarch64.whl", hash = "sha256:2c09aad7051326e7603c14e50636db9c01f78272dc54b3accff03d46370461e6"},
    {file = "psycopg_binary-3.3.4-cp314-cp314-manylinux_2_38_riscv64.manylinux_2_39_riscv64.whl", hash = "sha256:514404ed543efd620c85602b747df2a23cf1241b4067199e1a66f2d2757aaa41"},
    {file = "psycopg_binary-3.3.4-cp314-cp314-musllinux_1_2_aarch64.whl", hash = "sha256:46893c26858be12cc49ca4226ed6a60b4bfccadd946b3bebb783a60b38788228"},
    {file = "psycopg_binary-3.3.4-cp314-cp314-musllinux_1_2_ppc64le.whl", hash = "sha256:df1d567fc430f6df15c9fcf67d87685fc49bdb325adc0db5af1adfb2f44eb5c9"},
    {file = "psycopg_binary-3.3.4-cp314-cp314-musllinux_1_2_riscv64.whl", hash = "sha256:6b9016b1714da4dd5ecaaa75b82098aa5a0b87854ce9b092e21c27c4ae23e014"},
    {file = "psycopg_binary-3.3.4-cp314-cp314-musllinux_1_2_x86_64.whl", hash = "sha256:47c656a8a7ba6eb0cff1801a4caaa9c8bdc12d03080e273aff1c8ac39971a77e"},
    {file = "psycopg_binary-3.3.4-cp314-cp314-win_amd64.whl", hash = "sha256:c37e024c07308cd06cf3ec51bfd0e7f6157585a4d84d1bce4a7f5f7913719bf8"},
]

[[package]]
name = "pyee"
version = "13.0.1"
description = "A rough port of Node.js's EventEmitter to Python with a few tricks of its own"
optional = false
python-versions = ">=3.8"
groups = ["main"]
files = [
    {file = "pyee-13.0.1-py3-none-any.whl", hash = "sha256:af2f8fede4171ef667dfded53f96e2ed0d6e6bd7ee3bb46437f77e3b57689228"},
    {file = "pyee-13.0.1.tar.gz", hash = "sha256:0b931f7c14535667ed4c7e0d531716368715e860b988770fc7eb8578d1f67fc8"},
]

[package.dependencies]
typing-extensions = "*"

[package.extras]
dev = ["black", "build", "flake8", "flake8-black", "isort", "jupyter-console", "mkdocs", "mkdocs-include-markdown-plugin", "mkdocstrings[python]", "mypy", "pytest", "pytest-asyncio ; python_version >= \"3.4\"", "pytest-trio ; python_version >= \"3.7\"", "sphinx", "toml", "tox", "trio", "trio ; python_version > \"3.6\"", "trio-typing ; python_version > \"3.6\"", "twine", "twisted", "validate-pyproject[all]"]

[[package]]
name = "python-dotenv"
version = "1.2.2"
description = "Read key-value pairs from a .env file and set them as environment variables"
optional = false
python-versions = ">=3.10"
groups = ["main"]
files = [
    {file = "python_dotenv-1.2.2-py3-none-any.whl", hash = "sha256:1d8214789a24de455a8b8bd8ae6fe3c6b69a5e3d64aa8a8e5d68e694bbcb285a"},
    {file = "python_dotenv-1.2.2.tar.gz", hash = "sha256:2c371a91fbd7ba082c2c1dc1f8bf89ca22564a087c2c287cd9b662adde799cf3"},
]

[package.extras]
cli = ["click (>=5.0)"]

[[package]]
name = "sqlparse"
version = "0.5.5"
description = "A non-validating SQL parser."
optional = false
python-versions = ">=3.8"
groups = ["main"]
files = [
    {file = "sqlparse-0.5.5-py3-none-any.whl", hash = "sha256:12a08b3bf3eec877c519589833aed092e2444e68240a3577e8e26148acc7b1ba"},
    {file = "sqlparse-0.5.5.tar.gz", hash = "sha256:e20d4a9b0b8585fdf63b10d30066c7c94c5d7a7ec47c889a2d83a3caa93ff28e"},
]

[package.extras]
dev = ["build"]
doc = ["sphinx"]

[[package]]
name = "typing-extensions"
version = "4.15.0"
description = "Backported and Experimental Type Hints for Python 3.9+"
optional = false
python-versions = ">=3.9"
groups = ["main"]
files = [
    {file = "typing_extensions-4.15.0-py3-none-any.whl", hash = "sha256:f0fa19c6845758ab08074a0cfa8b7aecb71c999ca73d62883bc25cc018c4e548"},
    {file = "typing_extensions-4.15.0.tar.gz", hash = "sha256:0cea48d173cc12fa28ecabc3b837ea3cf6f38c6d1136f85cbaaf598984861466"},
]

[[package]]
name = "tzdata"
version = "2026.2"
description = "Provider of IANA time zone data"
optional = false
python-versions = ">=2"
groups = ["main"]
markers = "sys_platform == \"win32\" or platform_system == \"Windows\""
files = [
    {file = "tzdata-2026.2-py2.py3-none-any.whl", hash = "sha256:bbe9af844f658da81a5f95019480da3a89415801f6cc966806612cc7169bffe7"},
    {file = "tzdata-2026.2.tar.gz", hash = "sha256:9173fde7d80d9018e02a662e168e5a2d04f87c41ea174b139fbef642eda62d10"},
]

[[package]]
name = "tzlocal"
version = "5.3.1"
description = "tzinfo object for the local timezone"
optional = false
python-versions = ">=3.9"
groups = ["main"]
files = [
    {file = "tzlocal-5.3.1-py3-none-any.whl", hash = "sha256:eb1a66c3ef5847adf7a834f1be0800581b683b5608e74f86ecbcef8ab91bb85d"},
    {file = "tzlocal-5.3.1.tar.gz", hash = "sha256:cceffc7edecefea1f595541dbd6e990cb1ea3d19bf01b2809f362a03dd7921fd"},
]

[package.dependencies]
tzdata = {version = "*", markers = "platform_system == \"Windows\""}

[package.extras]
devenv = ["check-manifest", "pytest (>=4.3)", "pytest-cov", "pytest-mock (>=3.3)", "zest.releaser"]

[[package]]
name = "whitenoise"
version = "6.12.0"
description = "Radically simplified static file serving for WSGI applications"
optional = false
python-versions = ">=3.10"
groups = ["main"]
files = [
    {file = "whitenoise-6.12.0-py3-none-any.whl", hash = "sha256:fc5e8c572e33ebf24795b47b6a7da8da3c00cff2349f5b04c02f28d0cc5a3cc2"},
    {file = "whitenoise-6.12.0.tar.gz", hash = "sha256:f723ebb76a112e98816ff80fcea0a6c9b8ecde835f8ddda25df7a30a3c2db6ad"},
]

[package.extras]
brotli = ["brotli"]

[metadata]
lock-version = "2.1"
python-versions = ">=3.12,<3.14"
content-hash = "688c4541f9568d7df52f053014b6f1b14659600f91bee51e5318335ed3d73ca9"
